
Microsoft Visual Studio Solution File, Format Version 12.00
# Visual Studio Version 17
VisualStudioVersion = 17.10.35013.160
MinimumVisualStudioVersion = 10.0.40219.1
Project("{FAE04EC0-301F-11D3-BF4B-00C04F79EFBC}") = "Cater4Us-Backend", "Cater4Us-Backend.csproj", "{0C024F22-FA0B-4310-96A6-CC81BB1DC0C2}"
EndProject
Global
	GlobalSection(SolutionConfigurationPlatforms) = preSolution
		Debug|Any CPU = Debug|Any CPU
		Release|Any CPU = Release|Any CPU
	EndGlobalSection
	GlobalSection(ProjectConfigurationPlatforms) = postSolution
		{0C024F22-FA0B-4310-96A6-CC81BB1DC0C2}.Debug|Any CPU.ActiveCfg = Debug|Any CPU
		{0C024F22-FA0B-4310-96A6-CC81BB1DC0C2}.Debug|Any CPU.Build.0 = Debug|Any CPU
		{0C024F22-FA0B-4310-96A6-CC81BB1DC0C2}.Release|Any CPU.ActiveCfg = Release|Any CPU
		{0C024F22-FA0B-4310-96A6-CC81BB1DC0C2}.Release|Any CPU.Build.0 = Release|Any CPU
	EndGlobalSection
	GlobalSection(SolutionProperties) = preSolution
		HideSolutionNode = FALSE
	EndGlobalSection
	GlobalSection(ExtensibilityGlobals) = postSolution
		SolutionGuid = {327DBA8E-525C-49F7-A0A9-6506CF284B19}
	EndGlobalSection
EndGlobal
